# THIS IS AN AUTOGENERATED FILE. DO NOT EDIT THIS FILE DIRECTLY.
# yarn lockfile v1


"@fortawesome/fontawesome-common-types@^0.1.7":
  version "0.1.7"
  resolved "https://registry.yarnpkg.com/@fortawesome/fontawesome-common-types/-/fontawesome-common-types-0.1.7.tgz#4336c4b06d0b5608ff1215464b66fcf9f4795284"
  integrity sha512-ego8jRVSHfq/iq4KRZJKQeUAdi3ZjGNrqw4oPN3fNdvTBnLCSntwVCnc37bsAJP9UB8MhrTfPnZYxkv2vpS4pg==

"@fortawesome/fontawesome-free-brands@^5.0.13":
  version "5.0.13"
  resolved "https://registry.yarnpkg.com/@fortawesome/fontawesome-free-brands/-/fontawesome-free-brands-5.0.13.tgz#4d15ff4e1e862d5e4a4df3654f8e8acbd47e9c09"
  integrity sha512-xC/sEPpfcJPvUbud2GyscLCLQlE2DVBYaTHVwuyVGliYBdYejSEYMINU8FN5A0xhO68yCbpCfMlBv6Gqby+jww==
  dependencies:
    "@fortawesome/fontawesome-common-types" "^0.1.7"

"@fortawesome/fontawesome-free-regular@^5.0.13":
  version "5.0.13"
  resolved "https://registry.yarnpkg.com/@fortawesome/fontawesome-free-regular/-/fontawesome-free-regular-5.0.13.tgz#eb78c30184e3f456a423a1dcfa0f682f7b50de4a"
  integrity sha512-36lz9Idww1L4QaaTcv7GZiOeIP9emJFDUsedvRovI10kmwyd6rN0PKkIjnq0FB4foLhX4Rou8vnbCCmjtqiLug==
  dependencies:
    "@fortawesome/fontawesome-common-types" "^0.1.7"

"@fortawesome/fontawesome-free-solid@^5.0.13":
  version "5.0.13"
  resolved "https://registry.yarnpkg.com/@fortawesome/fontawesome-free-solid/-/fontawesome-free-solid-5.0.13.tgz#24b61aaf471a9d34a5364b052d64a516285ba894"
  integrity sha512-b+krVnqkdDt52Yfev0x0ZZgtxBQsLw00Zfa3uaVWIDzpNZVtrEXuxldUSUaN/ihgGhSNi8VpvDAdNPVgCKOSxw==
  dependencies:
    "@fortawesome/fontawesome-common-types" "^0.1.7"

"@fortawesome/fontawesome@^1.1.8":
  version "1.1.8"
  resolved "https://registry.yarnpkg.com/@fortawesome/fontawesome/-/fontawesome-1.1.8.tgz#75fe66a60f95508160bb16bd781ad7d89b280f5b"
  integrity sha512-c0/MtkPVT0fmiFcCyYoPjkG9PkMOvfrZw2+0BaJ+Rh6UEcK1AR/LaRgrHHjUkbAbs9LXxQJhFS8CJ4uSnK2+JA==
  dependencies:
    "@fortawesome/fontawesome-common-types" "^0.1.7"

bootstrap-material-design@4.1.1:
  version "4.1.1"
  resolved "https://registry.yarnpkg.com/bootstrap-material-design/-/bootstrap-material-design-4.1.1.tgz#87433db0bf64d6a0afb0f5faaa8606134c9d26d2"
  integrity sha1-h0M9sL9k1qCvsPX6qoYGE0ydJtI=

dom7@^3.0.0-alpha.7:
  version "3.0.0-alpha.9"
  resolved "https://registry.yarnpkg.com/dom7/-/dom7-3.0.0-alpha.9.tgz#0110c21181b8bad3a1ee72443e04d3c2e3f1d38f"
  integrity sha512-wTxPe1vJqLAy2PzAROh/n1PsRF/ZklAJyRIn9shm2dAQjP4JhjsgDKQ1YTbuzf1KVlqOlqYPmwupQExcB9jOUg==
  dependencies:
    ssr-window "^3.0.0-alpha.1"

jquery@^3.5.1:
  version "3.5.1"
  resolved "https://registry.yarnpkg.com/jquery/-/jquery-3.5.1.tgz#d7b4d08e1bfdb86ad2f1a3d039ea17304717abb5"
  integrity sha512-XwIBPqcMn57FxfT+Go5pzySnm4KWkT1Tv7gjrpT1srtf8Weynl6R273VJ5GjkRb51IzMp5nbaPjJXMWeju2MKg==

popper.js@^1.16.1:
  version "1.16.1"
  resolved "https://registry.yarnpkg.com/popper.js/-/popper.js-1.16.1.tgz#2a223cb3dc7b6213d740e40372be40de43e65b1b"
  integrity sha512-Wb4p1J4zyFTbM+u6WuO4XstYx4Ky9Cewe4DWrel7B0w6VVICvPwdOpotjzcf6eD8TsckVnIMNONQyPIUFOUbCQ==

ssr-window@^3.0.0-alpha.1, ssr-window@^3.0.0-alpha.4:
  version "3.0.0-alpha.4"
  resolved "https://registry.yarnpkg.com/ssr-window/-/ssr-window-3.0.0-alpha.4.tgz#0c69a18c4305ecccdd8e11596155ca07b635f345"
  integrity sha512-+dBRP/pZ+VyITxTzD0lMDzDwN/BmfUl8xi2e6t5Nz4+FqUphfcBLB1OOUSYCRNFB25rD3c8AJRYpY5rHTbL+kg==

swiper@^6.3.2:
  version "6.3.2"
  resolved "https://registry.yarnpkg.com/swiper/-/swiper-6.3.2.tgz#3eb337ff58f425841a27400a7b0215234d94f3c1"
  integrity sha512-mseVNXAsNNSfp3fHuZlMnsToc3ulM3X3on2EC8GMi4+/DwD9SSieSSIQroUbxkIMmCCIvpDN1Ese7o0Ls9I4lw==
  dependencies:
    dom7 "^3.0.0-alpha.7"
    ssr-window "^3.0.0-alpha.4"
